
Microsoft Visual Studio Solution File, Format Version 12.00
# Visual Studio Version 17
VisualStudioVersion = 17.11.35222.181
MinimumVisualStudioVersion = 10.0.40219.1
Project("{FAE04EC0-301F-11D3-BF4B-00C04F79EFBC}") = "TrabalhoBaiano", "TrabalhoBaiano.csproj", "{23F10469-BAF9-4DEB-9BFF-39578E54D942}"
EndProject
Global
	GlobalSection(SolutionConfigurationPlatforms) = preSolution
		Debug|Any CPU = Debug|Any CPU
		Release|Any CPU = Release|Any CPU
	EndGlobalSection
	GlobalSection(ProjectConfigurationPlatforms) = postSolution
		{23F10469-BAF9-4DEB-9BFF-39578E54D942}.Debug|Any CPU.ActiveCfg = Debug|Any CPU
		{23F10469-BAF9-4DEB-9BFF-39578E54D942}.Debug|Any CPU.Build.0 = Debug|Any CPU
		{23F10469-BAF9-4DEB-9BFF-39578E54D942}.Release|Any CPU.ActiveCfg = Release|Any CPU
		{23F10469-BAF9-4DEB-9BFF-39578E54D942}.Release|Any CPU.Build.0 = Release|Any CPU
	EndGlobalSection
	GlobalSection(SolutionProperties) = preSolution
		HideSolutionNode = FALSE
	EndGlobalSection
	GlobalSection(ExtensibilityGlobals) = postSolution
		SolutionGuid = {F2E2FFE9-FBA4-4173-92D4-059E8D37B599}
	EndGlobalSection
EndGlobal
