
Microsoft Visual Studio Solution File, Format Version 12.00
# Visual Studio Version 17
VisualStudioVersion = 17.9.34622.214
MinimumVisualStudioVersion = 10.0.40219.1
Project("{FAE04EC0-301F-11D3-BF4B-00C04F79EFBC}") = "Aeroporto_Prototipo", "Aeroporto_Prototipo\Aeroporto_Prototipo.csproj", "{0373B359-62F3-48F7-B53E-04479D696DCC}"
EndProject
Global
	GlobalSection(SolutionConfigurationPlatforms) = preSolution
		Debug|Any CPU = Debug|Any CPU
		Release|Any CPU = Release|Any CPU
	EndGlobalSection
	GlobalSection(ProjectConfigurationPlatforms) = postSolution
		{0373B359-62F3-48F7-B53E-04479D696DCC}.Debug|Any CPU.ActiveCfg = Debug|Any CPU
		{0373B359-62F3-48F7-B53E-04479D696DCC}.Debug|Any CPU.Build.0 = Debug|Any CPU
		{0373B359-62F3-48F7-B53E-04479D696DCC}.Release|Any CPU.ActiveCfg = Release|Any CPU
		{0373B359-62F3-48F7-B53E-04479D696DCC}.Release|Any CPU.Build.0 = Release|Any CPU
	EndGlobalSection
	GlobalSection(SolutionProperties) = preSolution
		HideSolutionNode = FALSE
	EndGlobalSection
	GlobalSection(ExtensibilityGlobals) = postSolution
		SolutionGuid = {E5724B11-DC81-4965-95A5-437BF0637C4F}
	EndGlobalSection
EndGlobal
